
Microsoft Visual Studio Solution File, Format Version 12.00
# Visual Studio Version 17
VisualStudioVersion = 17.10.35004.147
MinimumVisualStudioVersion = 10.0.40219.1
Project("{9A19103F-16F7-4668-BE54-9A1E7A4F7556}") = "Feihua", "Feihua.csproj", "{B90BC91F-B34D-4F7C-913F-A8F7D8D9C93E}"
EndProject
Global
	GlobalSection(SolutionConfigurationPlatforms) = preSolution
		Debug|Any CPU = Debug|Any CPU
		Release|Any CPU = Release|Any CPU
	EndGlobalSection
	GlobalSection(ProjectConfigurationPlatforms) = postSolution
		{B90BC91F-B34D-4F7C-913F-A8F7D8D9C93E}.Debug|Any CPU.ActiveCfg = Debug|Any CPU
		{B90BC91F-B34D-4F7C-913F-A8F7D8D9C93E}.Debug|Any CPU.Build.0 = Debug|Any CPU
		{B90BC91F-B34D-4F7C-913F-A8F7D8D9C93E}.Release|Any CPU.ActiveCfg = Release|Any CPU
		{B90BC91F-B34D-4F7C-913F-A8F7D8D9C93E}.Release|Any CPU.Build.0 = Release|Any CPU
	EndGlobalSection
	GlobalSection(SolutionProperties) = preSolution
		HideSolutionNode = FALSE
	EndGlobalSection
	GlobalSection(ExtensibilityGlobals) = postSolution
		SolutionGuid = {F483EFA1-362F-4D41-A6D3-24F29B4B8B31}
	EndGlobalSection
EndGlobal
